
Microsoft Visual Studio Solution File, Format Version 12.00
# Visual Studio 15
VisualStudioVersion = 15.0.27703.2047
MinimumVisualStudioVersion = 10.0.40219.1
Project("{FAE04EC0-301F-11D3-BF4B-00C04F79EFBC}") = "GTA Single Session", "GTA Single Session\GTA Single Session.csproj", "{483ABE26-151B-4E0F-9A56-6200264140B6}"
EndProject
Global
	GlobalSection(SolutionConfigurationPlatforms) = preSolution
		Debug|Any CPU = Debug|Any CPU
		Debug|Default = Debug|Default
		Release|Any CPU = Release|Any CPU
		Release|Default = Release|Default
	EndGlobalSection
	GlobalSection(ProjectConfigurationPlatforms) = postSolution
		{483ABE26-151B-4E0F-9A56-6200264140B6}.Debug|Any CPU.ActiveCfg = Debug|Any CPU
		{483ABE26-151B-4E0F-9A56-6200264140B6}.Debug|Any CPU.Build.0 = Debug|Any CPU
		{483ABE26-151B-4E0F-9A56-6200264140B6}.Debug|Default.ActiveCfg = Debug|Any CPU
		{483ABE26-151B-4E0F-9A56-6200264140B6}.Debug|Default.Build.0 = Debug|Any CPU
		{483ABE26-151B-4E0F-9A56-6200264140B6}.Release|Any CPU.ActiveCfg = Release|Any CPU
		{483ABE26-151B-4E0F-9A56-6200264140B6}.Release|Any CPU.Build.0 = Release|Any CPU
		{483ABE26-151B-4E0F-9A56-6200264140B6}.Release|Default.ActiveCfg = Release|Any CPU
		{483ABE26-151B-4E0F-9A56-6200264140B6}.Release|Default.Build.0 = Release|Any CPU
	EndGlobalSection
	GlobalSection(SolutionProperties) = preSolution
		HideSolutionNode = FALSE
	EndGlobalSection
	GlobalSection(ExtensibilityGlobals) = postSolution
		SolutionGuid = {73B1DE4D-E0C8-49CD-8305-14E02698DD81}
	EndGlobalSection
	GlobalSection(SolutionConfigurationPlatforms) = preSolution
		Debug|Any CPU = Debug|Any CPU
		Debug|Default = Debug|Default
		Release|Any CPU = Release|Any CPU
		Release|Default = Release|Default
	EndGlobalSection
	GlobalSection(SolutionConfigurationPlatforms) = preSolution
		Debug|Any CPU = Debug|Any CPU
		Release|Any CPU = Release|Any CPU
	EndGlobalSection
EndGlobal
